
Microsoft Visual Studio Solution File, Format Version 12.00
# Visual Studio Version 17
VisualStudioVersion = 17.11.35327.3
MinimumVisualStudioVersion = 10.0.40219.1
Project("{2150E333-8FDC-42A3-9474-1A3956D46DE8}") = "Task0", "Task0", "{76841A47-1086-48E8-A930-1C046392F423}"
EndProject
Project("{9A19103F-16F7-4668-BE54-9A1E7A4F7556}") = "Tyuiu.YakimukVV.Sprint6.Task0.V21.Lib", "Tyuiu.YakimukVV.Sprint6.Task0.V21.Lib\Tyuiu.YakimukVV.Sprint6.Task0.V21.Lib.csproj", "{7EAC3DB5-825F-43A2-871D-A1D57039C776}"
EndProject
Project("{9A19103F-16F7-4668-BE54-9A1E7A4F7556}") = "Tyuiu.YakimukVV.Sprint6.Task0.V21.Test", "Tyuiu.YakimukVV.Sprint6.Task0.V21.Test\Tyuiu.YakimukVV.Sprint6.Task0.V21.Test.csproj", "{3DBBBFB8-D5BC-4214-8210-07E7A2780A8B}"
EndProject
Project("{9A19103F-16F7-4668-BE54-9A1E7A4F7556}") = "Tyuiu.YakimukVV.Sprint6.Task0.V21", "Tyuiu.YakimukVV.Sprint6.Task0.V21\Tyuiu.YakimukVV.Sprint6.Task0.V21.csproj", "{3FE25D5B-3D2A-47C9-B8ED-F994393AF8A9}"
EndProject
Project("{2150E333-8FDC-42A3-9474-1A3956D46DE8}") = "Task1", "Task1", "{F8B67BD2-2D8B-4FE6-8A35-B39D6893BF34}"
EndProject
Project("{9A19103F-16F7-4668-BE54-9A1E7A4F7556}") = "Tyuiu.YakimukVV.Sprint6.Task1.V5.Test", "Tyuiu.YakimukVV.Sprint6.Task1.V5.Test\Tyuiu.YakimukVV.Sprint6.Task1.V5.Test.csproj", "{965CA5BB-FBB3-4369-B2DB-500FF1A5AD83}"
EndProject
Project("{9A19103F-16F7-4668-BE54-9A1E7A4F7556}") = "Tyuiu.YakimukVV.Sprint6.Task1.V5", "Tyuiu.YakimukVV.Sprint6.Task1.V5\Tyuiu.YakimukVV.Sprint6.Task1.V5.csproj", "{A0FD4FDB-FEBD-4C06-998C-7DDF384DAD17}"
EndProject
Project("{9A19103F-16F7-4668-BE54-9A1E7A4F7556}") = "Tyuiu.YakimukVV.Sprint6.Task1.V5.Lib", "Tyuiu.YakimukVV.Sprint6.Task1.V5.Lib\Tyuiu.YakimukVV.Sprint6.Task1.V5.Lib.csproj", "{9DE70B73-772D-44F7-AAD3-3E1FB33AB16D}"
EndProject
Project("{2150E333-8FDC-42A3-9474-1A3956D46DE8}") = "Task2", "Task2", "{95DB1EBB-41DB-45CD-8E0D-3DE9AEF3630E}"
EndProject
Project("{9A19103F-16F7-4668-BE54-9A1E7A4F7556}") = "Tyuiu.YakimukVV.Sprint6.Task2.V21", "Tyuiu.YakimukVV.Sprint6.Task2.V21\Tyuiu.YakimukVV.Sprint6.Task2.V21.csproj", "{4D45CB45-2B80-4CAB-A52A-341CCCC41BA3}"
EndProject
Project("{9A19103F-16F7-4668-BE54-9A1E7A4F7556}") = "Tyuiu.YakimukVV.Sprint6.Task2.V21.Test", "Tyuiu.YakimukVV.Sprint6.Task2.V21.Test\Tyuiu.YakimukVV.Sprint6.Task2.V21.Test.csproj", "{7DEC2262-3D60-482E-A9FB-06C866326289}"
EndProject
Project("{9A19103F-16F7-4668-BE54-9A1E7A4F7556}") = "Tyuiu.YakimukVV.Sprint6.Task2.V21.Lib", "Tyuiu.YakimukVV.Sprint6.Task2.V21.Lib\Tyuiu.YakimukVV.Sprint6.Task2.V21.Lib.csproj", "{B9F9C278-A3B9-43C3-871F-B100793B94F1}"
EndProject
Project("{2150E333-8FDC-42A3-9474-1A3956D46DE8}") = "Task3", "Task3", "{CE7F256E-BC26-4370-B902-36840B27A130}"
EndProject
Project("{9A19103F-16F7-4668-BE54-9A1E7A4F7556}") = "Tyuiu.YakimukVV.Sprint6.Task3.V24.Lib", "Tyuiu.YakimukVV.Sprint6.Task3.V24.Lib\Tyuiu.YakimukVV.Sprint6.Task3.V24.Lib.csproj", "{00EB933F-957C-40AC-B701-A13F027BB2A6}"
EndProject
Project("{9A19103F-16F7-4668-BE54-9A1E7A4F7556}") = "Tyuiu.YakimukVV.Sprint6.Task3.V24.Test", "Tyuiu.YakimukVV.Sprint6.Task3.V24.Test\Tyuiu.YakimukVV.Sprint6.Task3.V24.Test.csproj", "{017E1844-976C-47EC-8BED-B5D1A750260D}"
EndProject
Project("{9A19103F-16F7-4668-BE54-9A1E7A4F7556}") = "Tyuiu.YakimukVV.Sprint6.Task3.V24", "Tyuiu.YakimukVV.Sprint6.Task3.V24\Tyuiu.YakimukVV.Sprint6.Task3.V24.csproj", "{D25D0A7A-6310-436B-9CA2-5296CEEA397D}"
EndProject
Project("{2150E333-8FDC-42A3-9474-1A3956D46DE8}") = "Task4", "Task4", "{23FA118F-2F32-4681-B745-BA62B8DE48A6}"
EndProject
Project("{9A19103F-16F7-4668-BE54-9A1E7A4F7556}") = "Tyuiu.YakimukVV.Sprint6.Task4.V14", "Tyuiu.YakimukVV.Sprint6.Task4.V14\Tyuiu.YakimukVV.Sprint6.Task4.V14.csproj", "{57E6B70A-2CAB-4750-A7D5-E259D90D034F}"
EndProject
Project("{9A19103F-16F7-4668-BE54-9A1E7A4F7556}") = "Tyuiu.YakimukVV.Sprint6.Task4.V14.Lib", "Tyuiu.YakimukVV.Sprint6.Task4.V14.Lib\Tyuiu.YakimukVV.Sprint6.Task4.V14.Lib.csproj", "{5066BA51-751F-4EB4-98B8-88EAF603FB10}"
EndProject
Project("{9A19103F-16F7-4668-BE54-9A1E7A4F7556}") = "Tyuiu.YakimukVV.Sprint6.Task4.V14.Test", "Tyuiu.YakimukVV.Sprint6.Task4.V14.Test\Tyuiu.YakimukVV.Sprint6.Task4.V14.Test.csproj", "{369809FE-39F6-4D14-9FA5-E2FBD8C49A16}"
EndProject
Project("{2150E333-8FDC-42A3-9474-1A3956D46DE8}") = "Task5", "Task5", "{9A91099C-BF4A-4FE5-858B-7672250849F5}"
EndProject
Project("{9A19103F-16F7-4668-BE54-9A1E7A4F7556}") = "Tyuiu.YakimukVV.Sprint6.Task5.V19", "Tyuiu.YakimukVV.Sprint6.Task5.V19\Tyuiu.YakimukVV.Sprint6.Task5.V19.csproj", "{2398B609-F94B-41BA-8F70-0ABE312277FE}"
EndProject
Project("{9A19103F-16F7-4668-BE54-9A1E7A4F7556}") = "Tyuiu.YakimukVV.Sprint6.Task5.V19.Lib", "Tyuiu.YakimukVV.Sprint6.Task5.V19.Lib\Tyuiu.YakimukVV.Sprint6.Task5.V19.Lib.csproj", "{EA15B8D5-19A8-4391-BEB3-C6B91D2F976D}"
EndProject
Project("{9A19103F-16F7-4668-BE54-9A1E7A4F7556}") = "Tyuiu.YakimukVV.Sprint6.Task5.V19.Test", "Tyuiu.YakimukVV.Sprint6.Task5.V19.Test\Tyuiu.YakimukVV.Sprint6.Task5.V19.Test.csproj", "{53A2B64C-6A9A-4D50-93C8-84374285B432}"
EndProject
Project("{2150E333-8FDC-42A3-9474-1A3956D46DE8}") = "Task6", "Task6", "{9BE606DF-0EA5-4C2F-ABDC-3D676DE6387E}"
EndProject
Project("{9A19103F-16F7-4668-BE54-9A1E7A4F7556}") = "Tyuiu.YakimukVV.Sprint6.Task6.V3", "Tyuiu.YakimukVV.Sprint6.Task6.V3\Tyuiu.YakimukVV.Sprint6.Task6.V3.csproj", "{4EC16C45-CD30-4535-A396-EB7D573B1D9F}"
EndProject
Project("{9A19103F-16F7-4668-BE54-9A1E7A4F7556}") = "Tyuiu.YakimukVV.Sprint6.Task6.V3.Lib", "Tyuiu.YakimukVV.Sprint6.Task6.V3.Lib\Tyuiu.YakimukVV.Sprint6.Task6.V3.Lib.csproj", "{1E5307B0-0FEE-46F3-A126-2B0C469371BD}"
EndProject
Project("{9A19103F-16F7-4668-BE54-9A1E7A4F7556}") = "Tyuiu.YakimukVV.Sprint6.Task6.V3.Test", "Tyuiu.YakimukVV.Sprint6.Task6.V3.Test\Tyuiu.YakimukVV.Sprint6.Task6.V3.Test.csproj", "{F9085D6D-A635-4FB5-9D43-234A9CD1885C}"
EndProject
Project("{2150E333-8FDC-42A3-9474-1A3956D46DE8}") = "Task7", "Task7", "{DAF861AA-AB1E-45D2-B234-596E89ABEF8F}"
EndProject
Project("{FAE04EC0-301F-11D3-BF4B-00C04F79EFBC}") = "Tyuiu.YakimukVV.Sprint6.Task7.V13", "Tyuiu.YakimukVV.Sprint6.Task7.V13\Tyuiu.YakimukVV.Sprint6.Task7.V13.csproj", "{CD006F36-3207-47B7-8525-04FA459CBE22}"
EndProject
Project("{FAE04EC0-301F-11D3-BF4B-00C04F79EFBC}") = "Tyuiu.YakimukVV.Sprint6.Task7.V13.Lib", "Tyuiu.YakimukVV.Sprint6.Task7.V13.Lib\Tyuiu.YakimukVV.Sprint6.Task7.V13.Lib.csproj", "{2C968860-6830-4D29-86D2-A1E4FAD06493}"
EndProject
Project("{FAE04EC0-301F-11D3-BF4B-00C04F79EFBC}") = "Tyuiu.YakimukVV.Sprint6.Task7.V13.Test", "Tyuiu.YakimukVV.Sprint6.Task7.V13.Test\Tyuiu.YakimukVV.Sprint6.Task7.V13.Test.csproj", "{B7046CD7-E191-4C9C-BF42-5F5CCE75E66B}"
EndProject
Global
	GlobalSection(SolutionConfigurationPlatforms) = preSolution
		Debug|Any CPU = Debug|Any CPU
		Release|Any CPU = Release|Any CPU
	EndGlobalSection
	GlobalSection(ProjectConfigurationPlatforms) = postSolution
		{7EAC3DB5-825F-43A2-871D-A1D57039C776}.Debug|Any CPU.ActiveCfg = Debug|Any CPU
		{7EAC3DB5-825F-43A2-871D-A1D57039C776}.Debug|Any CPU.Build.0 = Debug|Any CPU
		{7EAC3DB5-825F-43A2-871D-A1D57039C776}.Release|Any CPU.ActiveCfg = Release|Any CPU
		{7EAC3DB5-825F-43A2-871D-A1D57039C776}.Release|Any CPU.Build.0 = Release|Any CPU
		{3DBBBFB8-D5BC-4214-8210-07E7A2780A8B}.Debug|Any CPU.ActiveCfg = Debug|Any CPU
		{3DBBBFB8-D5BC-4214-8210-07E7A2780A8B}.Debug|Any CPU.Build.0 = Debug|Any CPU
		{3DBBBFB8-D5BC-4214-8210-07E7A2780A8B}.Release|Any CPU.ActiveCfg = Release|Any CPU
		{3DBBBFB8-D5BC-4214-8210-07E7A2780A8B}.Release|Any CPU.Build.0 = Release|Any CPU
		{3FE25D5B-3D2A-47C9-B8ED-F994393AF8A9}.Debug|Any CPU.ActiveCfg = Debug|Any CPU
		{3FE25D5B-3D2A-47C9-B8ED-F994393AF8A9}.Debug|Any CPU.Build.0 = Debug|Any CPU
		{3FE25D5B-3D2A-47C9-B8ED-F994393AF8A9}.Release|Any CPU.ActiveCfg = Release|Any CPU
		{3FE25D5B-3D2A-47C9-B8ED-F994393AF8A9}.Release|Any CPU.Build.0 = Release|Any CPU
		{965CA5BB-FBB3-4369-B2DB-500FF1A5AD83}.Debug|Any CPU.ActiveCfg = Debug|Any CPU
		{965CA5BB-FBB3-4369-B2DB-500FF1A5AD83}.Debug|Any CPU.Build.0 = Debug|Any CPU
		{965CA5BB-FBB3-4369-B2DB-500FF1A5AD83}.Release|Any CPU.ActiveCfg = Release|Any CPU
		{965CA5BB-FBB3-4369-B2DB-500FF1A5AD83}.Release|Any CPU.Build.0 = Release|Any CPU
		{A0FD4FDB-FEBD-4C06-998C-7DDF384DAD17}.Debug|Any CPU.ActiveCfg = Debug|Any CPU
		{A0FD4FDB-FEBD-4C06-998C-7DDF384DAD17}.Debug|Any CPU.Build.0 = Debug|Any CPU
		{A0FD4FDB-FEBD-4C06-998C-7DDF384DAD17}.Release|Any CPU.ActiveCfg = Release|Any CPU
		{A0FD4FDB-FEBD-4C06-998C-7DDF384DAD17}.Release|Any CPU.Build.0 = Release|Any CPU
		{9DE70B73-772D-44F7-AAD3-3E1FB33AB16D}.Debug|Any CPU.ActiveCfg = Debug|Any CPU
		{9DE70B73-772D-44F7-AAD3-3E1FB33AB16D}.Debug|Any CPU.Build.0 = Debug|Any CPU
		{9DE70B73-772D-44F7-AAD3-3E1FB33AB16D}.Release|Any CPU.ActiveCfg = Release|Any CPU
		{9DE70B73-772D-44F7-AAD3-3E1FB33AB16D}.Release|Any CPU.Build.0 = Release|Any CPU
		{4D45CB45-2B80-4CAB-A52A-341CCCC41BA3}.Debug|Any CPU.ActiveCfg = Debug|Any CPU
		{4D45CB45-2B80-4CAB-A52A-341CCCC41BA3}.Debug|Any CPU.Build.0 = Debug|Any CPU
		{4D45CB45-2B80-4CAB-A52A-341CCCC41BA3}.Release|Any CPU.ActiveCfg = Release|Any CPU
		{4D45CB45-2B80-4CAB-A52A-341CCCC41BA3}.Release|Any CPU.Build.0 = Release|Any CPU
		{7DEC2262-3D60-482E-A9FB-06C866326289}.Debug|Any CPU.ActiveCfg = Debug|Any CPU
		{7DEC2262-3D60-482E-A9FB-06C866326289}.Debug|Any CPU.Build.0 = Debug|Any CPU
		{7DEC2262-3D60-482E-A9FB-06C866326289}.Release|Any CPU.ActiveCfg = Release|Any CPU
		{7DEC2262-3D60-482E-A9FB-06C866326289}.Release|Any CPU.Build.0 = Release|Any CPU
		{B9F9C278-A3B9-43C3-871F-B100793B94F1}.Debug|Any CPU.ActiveCfg = Debug|Any CPU
		{B9F9C278-A3B9-43C3-871F-B100793B94F1}.Debug|Any CPU.Build.0 = Debug|Any CPU
		{B9F9C278-A3B9-43C3-871F-B100793B94F1}.Release|Any CPU.ActiveCfg = Release|Any CPU
		{B9F9C278-A3B9-43C3-871F-B100793B94F1}.Release|Any CPU.Build.0 = Release|Any CPU
		{00EB933F-957C-40AC-B701-A13F027BB2A6}.Debug|Any CPU.ActiveCfg = Debug|Any CPU
		{00EB933F-957C-40AC-B701-A13F027BB2A6}.Debug|Any CPU.Build.0 = Debug|Any CPU
		{00EB933F-957C-40AC-B701-A13F027BB2A6}.Release|Any CPU.ActiveCfg = Release|Any CPU
		{00EB933F-957C-40AC-B701-A13F027BB2A6}.Release|Any CPU.Build.0 = Release|Any CPU
		{017E1844-976C-47EC-8BED-B5D1A750260D}.Debug|Any CPU.ActiveCfg = Debug|Any CPU
		{017E1844-976C-47EC-8BED-B5D1A750260D}.Debug|Any CPU.Build.0 = Debug|Any CPU
		{017E1844-976C-47EC-8BED-B5D1A750260D}.Release|Any CPU.ActiveCfg = Release|Any CPU
		{017E1844-976C-47EC-8BED-B5D1A750260D}.Release|Any CPU.Build.0 = Release|Any CPU
		{D25D0A7A-6310-436B-9CA2-5296CEEA397D}.Debug|Any CPU.ActiveCfg = Debug|Any CPU
		{D25D0A7A-6310-436B-9CA2-5296CEEA397D}.Debug|Any CPU.Build.0 = Debug|Any CPU
		{D25D0A7A-6310-436B-9CA2-5296CEEA397D}.Release|Any CPU.ActiveCfg = Release|Any CPU
		{D25D0A7A-6310-436B-9CA2-5296CEEA397D}.Release|Any CPU.Build.0 = Release|Any CPU
		{57E6B70A-2CAB-4750-A7D5-E259D90D034F}.Debug|Any CPU.ActiveCfg = Debug|Any CPU
		{57E6B70A-2CAB-4750-A7D5-E259D90D034F}.Debug|Any CPU.Build.0 = Debug|Any CPU
		{57E6B70A-2CAB-4750-A7D5-E259D90D034F}.Release|Any CPU.ActiveCfg = Release|Any CPU
		{57E6B70A-2CAB-4750-A7D5-E259D90D034F}.Release|Any CPU.Build.0 = Release|Any CPU
		{5066BA51-751F-4EB4-98B8-88EAF603FB10}.Debug|Any CPU.ActiveCfg = Debug|Any CPU
		{5066BA51-751F-4EB4-98B8-88EAF603FB10}.Debug|Any CPU.Build.0 = Debug|Any CPU
		{5066BA51-751F-4EB4-98B8-88EAF603FB10}.Release|Any CPU.ActiveCfg = Release|Any CPU
		{5066BA51-751F-4EB4-98B8-88EAF603FB10}.Release|Any CPU.Build.0 = Release|Any CPU
		{369809FE-39F6-4D14-9FA5-E2FBD8C49A16}.Debug|Any CPU.ActiveCfg = Debug|Any CPU
		{369809FE-39F6-4D14-9FA5-E2FBD8C49A16}.Debug|Any CPU.Build.0 = Debug|Any CPU
		{369809FE-39F6-4D14-9FA5-E2FBD8C49A16}.Release|Any CPU.ActiveCfg = Release|Any CPU
		{369809FE-39F6-4D14-9FA5-E2FBD8C49A16}.Release|Any CPU.Build.0 = Release|Any CPU
		{2398B609-F94B-41BA-8F70-0ABE312277FE}.Debug|Any CPU.ActiveCfg = Debug|Any CPU
		{2398B609-F94B-41BA-8F70-0ABE312277FE}.Debug|Any CPU.Build.0 = Debug|Any CPU
		{2398B609-F94B-41BA-8F70-0ABE312277FE}.Release|Any CPU.ActiveCfg = Release|Any CPU
		{2398B609-F94B-41BA-8F70-0ABE312277FE}.Release|Any CPU.Build.0 = Release|Any CPU
		{EA15B8D5-19A8-4391-BEB3-C6B91D2F976D}.Debug|Any CPU.ActiveCfg = Debug|Any CPU
		{EA15B8D5-19A8-4391-BEB3-C6B91D2F976D}.Debug|Any CPU.Build.0 = Debug|Any CPU
		{EA15B8D5-19A8-4391-BEB3-C6B91D2F976D}.Release|Any CPU.ActiveCfg = Release|Any CPU
		{EA15B8D5-19A8-4391-BEB3-C6B91D2F976D}.Release|Any CPU.Build.0 = Release|Any CPU
		{53A2B64C-6A9A-4D50-93C8-84374285B432}.Debug|Any CPU.ActiveCfg = Debug|Any CPU
		{53A2B64C-6A9A-4D50-93C8-84374285B432}.Debug|Any CPU.Build.0 = Debug|Any CPU
		{53A2B64C-6A9A-4D50-93C8-84374285B432}.Release|Any CPU.ActiveCfg = Release|Any CPU
		{53A2B64C-6A9A-4D50-93C8-84374285B432}.Release|Any CPU.Build.0 = Release|Any CPU
		{4EC16C45-CD30-4535-A396-EB7D573B1D9F}.Debug|Any CPU.ActiveCfg = Debug|Any CPU
		{4EC16C45-CD30-4535-A396-EB7D573B1D9F}.Debug|Any CPU.Build.0 = Debug|Any CPU
		{4EC16C45-CD30-4535-A396-EB7D573B1D9F}.Release|Any CPU.ActiveCfg = Release|Any CPU
		{4EC16C45-CD30-4535-A396-EB7D573B1D9F}.Release|Any CPU.Build.0 = Release|Any CPU
		{1E5307B0-0FEE-46F3-A126-2B0C469371BD}.Debug|Any CPU.ActiveCfg = Debug|Any CPU
		{1E5307B0-0FEE-46F3-A126-2B0C469371BD}.Debug|Any CPU.Build.0 = Debug|Any CPU
		{1E5307B0-0FEE-46F3-A126-2B0C469371BD}.Release|Any CPU.ActiveCfg = Release|Any CPU
		{1E5307B0-0FEE-46F3-A126-2B0C469371BD}.Release|Any CPU.Build.0 = Release|Any CPU
		{F9085D6D-A635-4FB5-9D43-234A9CD1885C}.Debug|Any CPU.ActiveCfg = Debug|Any CPU
		{F9085D6D-A635-4FB5-9D43-234A9CD1885C}.Debug|Any CPU.Build.0 = Debug|Any CPU
		{F9085D6D-A635-4FB5-9D43-234A9CD1885C}.Release|Any CPU.ActiveCfg = Release|Any CPU
		{F9085D6D-A635-4FB5-9D43-234A9CD1885C}.Release|Any CPU.Build.0 = Release|Any CPU
		{CD006F36-3207-47B7-8525-04FA459CBE22}.Debug|Any CPU.ActiveCfg = Debug|Any CPU
		{CD006F36-3207-47B7-8525-04FA459CBE22}.Debug|Any CPU.Build.0 = Debug|Any CPU
		{CD006F36-3207-47B7-8525-04FA459CBE22}.Release|Any CPU.ActiveCfg = Release|Any CPU
		{CD006F36-3207-47B7-8525-04FA459CBE22}.Release|Any CPU.Build.0 = Release|Any CPU
		{2C968860-6830-4D29-86D2-A1E4FAD06493}.Debug|Any CPU.ActiveCfg = Debug|Any CPU
		{2C968860-6830-4D29-86D2-A1E4FAD06493}.Debug|Any CPU.Build.0 = Debug|Any CPU
		{2C968860-6830-4D29-86D2-A1E4FAD06493}.Release|Any CPU.ActiveCfg = Release|Any CPU
		{2C968860-6830-4D29-86D2-A1E4FAD06493}.Release|Any CPU.Build.0 = Release|Any CPU
		{B7046CD7-E191-4C9C-BF42-5F5CCE75E66B}.Debug|Any CPU.ActiveCfg = Debug|Any CPU
		{B7046CD7-E191-4C9C-BF42-5F5CCE75E66B}.Debug|Any CPU.Build.0 = Debug|Any CPU
		{B7046CD7-E191-4C9C-BF42-5F5CCE75E66B}.Release|Any CPU.ActiveCfg = Release|Any CPU
		{B7046CD7-E191-4C9C-BF42-5F5CCE75E66B}.Release|Any CPU.Build.0 = Release|Any CPU
	EndGlobalSection
	GlobalSection(SolutionProperties) = preSolution
		HideSolutionNode = FALSE
	EndGlobalSection
	GlobalSection(NestedProjects) = preSolution
		{7EAC3DB5-825F-43A2-871D-A1D57039C776} = {76841A47-1086-48E8-A930-1C046392F423}
		{3DBBBFB8-D5BC-4214-8210-07E7A2780A8B} = {76841A47-1086-48E8-A930-1C046392F423}
		{3FE25D5B-3D2A-47C9-B8ED-F994393AF8A9} = {76841A47-1086-48E8-A930-1C046392F423}
		{965CA5BB-FBB3-4369-B2DB-500FF1A5AD83} = {F8B67BD2-2D8B-4FE6-8A35-B39D6893BF34}
		{A0FD4FDB-FEBD-4C06-998C-7DDF384DAD17} = {F8B67BD2-2D8B-4FE6-8A35-B39D6893BF34}
		{9DE70B73-772D-44F7-AAD3-3E1FB33AB16D} = {F8B67BD2-2D8B-4FE6-8A35-B39D6893BF34}
		{4D45CB45-2B80-4CAB-A52A-341CCCC41BA3} = {95DB1EBB-41DB-45CD-8E0D-3DE9AEF3630E}
		{7DEC2262-3D60-482E-A9FB-06C866326289} = {95DB1EBB-41DB-45CD-8E0D-3DE9AEF3630E}
		{B9F9C278-A3B9-43C3-871F-B100793B94F1} = {95DB1EBB-41DB-45CD-8E0D-3DE9AEF3630E}
		{00EB933F-957C-40AC-B701-A13F027BB2A6} = {CE7F256E-BC26-4370-B902-36840B27A130}
		{017E1844-976C-47EC-8BED-B5D1A750260D} = {CE7F256E-BC26-4370-B902-36840B27A130}
		{D25D0A7A-6310-436B-9CA2-5296CEEA397D} = {CE7F256E-BC26-4370-B902-36840B27A130}
		{57E6B70A-2CAB-4750-A7D5-E259D90D034F} = {23FA118F-2F32-4681-B745-BA62B8DE48A6}
		{5066BA51-751F-4EB4-98B8-88EAF603FB10} = {23FA118F-2F32-4681-B745-BA62B8DE48A6}
		{369809FE-39F6-4D14-9FA5-E2FBD8C49A16} = {23FA118F-2F32-4681-B745-BA62B8DE48A6}
		{2398B609-F94B-41BA-8F70-0ABE312277FE} = {9A91099C-BF4A-4FE5-858B-7672250849F5}
		{EA15B8D5-19A8-4391-BEB3-C6B91D2F976D} = {9A91099C-BF4A-4FE5-858B-7672250849F5}
		{53A2B64C-6A9A-4D50-93C8-84374285B432} = {9A91099C-BF4A-4FE5-858B-7672250849F5}
		{4EC16C45-CD30-4535-A396-EB7D573B1D9F} = {9BE606DF-0EA5-4C2F-ABDC-3D676DE6387E}
		{1E5307B0-0FEE-46F3-A126-2B0C469371BD} = {9BE606DF-0EA5-4C2F-ABDC-3D676DE6387E}
		{F9085D6D-A635-4FB5-9D43-234A9CD1885C} = {9BE606DF-0EA5-4C2F-ABDC-3D676DE6387E}
		{CD006F36-3207-47B7-8525-04FA459CBE22} = {DAF861AA-AB1E-45D2-B234-596E89ABEF8F}
		{2C968860-6830-4D29-86D2-A1E4FAD06493} = {DAF861AA-AB1E-45D2-B234-596E89ABEF8F}
		{B7046CD7-E191-4C9C-BF42-5F5CCE75E66B} = {DAF861AA-AB1E-45D2-B234-596E89ABEF8F}
	EndGlobalSection
	GlobalSection(ExtensibilityGlobals) = postSolution
		SolutionGuid = {89679B39-3DA8-4FA7-9799-B14731379CC5}
	EndGlobalSection
EndGlobal
